Microsoft Visual Studio Solution File, Format Version 12.00
# Visual Studio Version 17
VisualStudioVersion = 17.5.2.0
MinimumVisualStudioVersion = 10.0.40219.1
Project("{FAE04EC0-301F-11D3-BF4B-00C04F79EFBC}") = "NotTakip", "NotTakip.csproj", "{597F6ECB-7DB5-E27C-4773-3DB729D3DA41}"
EndProject
Global
	GlobalSection(SolutionConfigurationPlatforms) = preSolution
		Debug|Any CPU = Debug|Any CPU
		Release|Any CPU = Release|Any CPU
	EndGlobalSection
	GlobalSection(ProjectConfigurationPlatforms) = postSolution
		{597F6ECB-7DB5-E27C-4773-3DB729D3DA41}.Debug|Any CPU.ActiveCfg = Debug|Any CPU
		{597F6ECB-7DB5-E27C-4773-3DB729D3DA41}.Debug|Any CPU.Build.0 = Debug|Any CPU
		{597F6ECB-7DB5-E27C-4773-3DB729D3DA41}.Release|Any CPU.ActiveCfg = Release|Any CPU
		{597F6ECB-7DB5-E27C-4773-3DB729D3DA41}.Release|Any CPU.Build.0 = Release|Any CPU
	EndGlobalSection
	GlobalSection(SolutionProperties) = preSolution
		HideSolutionNode = FALSE
	EndGlobalSection
	GlobalSection(ExtensibilityGlobals) = postSolution
		SolutionGuid = {FFE80A04-2839-45B0-A55B-AC7F9B4B9D58}
	EndGlobalSection
EndGlobal
